
Microsoft Visual Studio Solution File, Format Version 12.00
# Visual Studio 2012
Project("{FAE04EC0-301F-11D3-BF4B-00C04F79EFBC}") = "01.ImplementPriorityQueueWithBinaryHeap", "01.ImplementPriorityQueueWithBinaryHeap\01.ImplementPriorityQueueWithBinaryHeap.csproj", "{7123597E-0CEE-4677-9AAE-9ADA9737E75C}"
EndProject
Project("{FAE04EC0-301F-11D3-BF4B-00C04F79EFBC}") = "02.ReadLargeCollection", "02.ReadLargeCollection\02.ReadLargeCollection.csproj", "{71EF4906-0194-4E82-B6B9-0AFE63D2AFC8}"
EndProject
Project("{FAE04EC0-301F-11D3-BF4B-00C04F79EFBC}") = "03.WordsOccurancesInFileWithTrie", "03.WordsOccurancesInFileWithTrie\03.WordsOccurancesInFileWithTrie.csproj", "{7AA438ED-ECCE-4FA9-B83E-4374674C5266}"
EndProject
Global
	GlobalSection(SolutionConfigurationPlatforms) = preSolution
		Debug|Any CPU = Debug|Any CPU
		Release|Any CPU = Release|Any CPU
	EndGlobalSection
	GlobalSection(ProjectConfigurationPlatforms) = postSolution
		{7123597E-0CEE-4677-9AAE-9ADA9737E75C}.Debug|Any CPU.ActiveCfg = Debug|Any CPU
		{7123597E-0CEE-4677-9AAE-9ADA9737E75C}.Debug|Any CPU.Build.0 = Debug|Any CPU
		{7123597E-0CEE-4677-9AAE-9ADA9737E75C}.Release|Any CPU.ActiveCfg = Release|Any CPU
		{7123597E-0CEE-4677-9AAE-9ADA9737E75C}.Release|Any CPU.Build.0 = Release|Any CPU
		{71EF4906-0194-4E82-B6B9-0AFE63D2AFC8}.Debug|Any CPU.ActiveCfg = Debug|Any CPU
		{71EF4906-0194-4E82-B6B9-0AFE63D2AFC8}.Debug|Any CPU.Build.0 = Debug|Any CPU
		{71EF4906-0194-4E82-B6B9-0AFE63D2AFC8}.Release|Any CPU.ActiveCfg = Release|Any CPU
		{71EF4906-0194-4E82-B6B9-0AFE63D2AFC8}.Release|Any CPU.Build.0 = Release|Any CPU
		{7AA438ED-ECCE-4FA9-B83E-4374674C5266}.Debug|Any CPU.ActiveCfg = Debug|Any CPU
		{7AA438ED-ECCE-4FA9-B83E-4374674C5266}.Debug|Any CPU.Build.0 = Debug|Any CPU
		{7AA438ED-ECCE-4FA9-B83E-4374674C5266}.Release|Any CPU.ActiveCfg = Release|Any CPU
		{7AA438ED-ECCE-4FA9-B83E-4374674C5266}.Release|Any CPU.Build.0 = Release|Any CPU
	EndGlobalSection
	GlobalSection(SolutionProperties) = preSolution
		HideSolutionNode = FALSE
	EndGlobalSection
EndGlobal
