
Microsoft Visual Studio Solution File, Format Version 12.00
# Visual Studio 2012
Project("{FAE04EC0-301F-11D3-BF4B-00C04F79EFBC}") = "StudentSystem.Model", "StudentSystem.Model\StudentSystem.Model.csproj", "{E1385495-13A2-404E-9DFB-FF69F8D4CDF8}"
EndProject
Project("{FAE04EC0-301F-11D3-BF4B-00C04F79EFBC}") = "StudentSystem.Data", "StudentSystem.Data\StudentSystem.Data.csproj", "{AA733192-EDB6-4259-9A7F-B412EA8A8060}"
EndProject
Project("{FAE04EC0-301F-11D3-BF4B-00C04F79EFBC}") = "StudentSystem.Client", "StudentSystem.Client\StudentSystem.Client.csproj", "{67B8A112-12EA-4A87-BE4B-667F1CE002F2}"
EndProject
Project("{FAE04EC0-301F-11D3-BF4B-00C04F79EFBC}") = "StudentSystem.Services", "StudentSystem.Services\StudentSystem.Services.csproj", "{6DF5513B-C2D3-4CF5-A3F5-89E2455BA45B}"
EndProject
Project("{FAE04EC0-301F-11D3-BF4B-00C04F79EFBC}") = "StudentSystem.Services.Tests", "StudentSystem.Services.Tests\StudentSystem.Services.Tests.csproj", "{5C75304B-0C66-41CA-B44C-010E7D2D2243}"
EndProject
Project("{FAE04EC0-301F-11D3-BF4B-00C04F79EFBC}") = "StudentsSystem.Repositories", "StudentsSystem.Repositories\StudentsSystem.Repositories.csproj", "{F77519F0-949E-42E8-B23D-27F4A86A0422}"
EndProject
Project("{FAE04EC0-301F-11D3-BF4B-00C04F79EFBC}") = "StudentSystem.Repositories.Tests", "StudentSystem.Repositories.Tests\StudentSystem.Repositories.Tests.csproj", "{DAD5F54E-290D-414E-AF45-9C1642F867C3}"
EndProject
Global
	GlobalSection(SolutionConfigurationPlatforms) = preSolution
		Debug|Any CPU = Debug|Any CPU
		Release|Any CPU = Release|Any CPU
	EndGlobalSection
	GlobalSection(ProjectConfigurationPlatforms) = postSolution
		{E1385495-13A2-404E-9DFB-FF69F8D4CDF8}.Debug|Any CPU.ActiveCfg = Debug|Any CPU
		{E1385495-13A2-404E-9DFB-FF69F8D4CDF8}.Debug|Any CPU.Build.0 = Debug|Any CPU
		{E1385495-13A2-404E-9DFB-FF69F8D4CDF8}.Release|Any CPU.ActiveCfg = Release|Any CPU
		{E1385495-13A2-404E-9DFB-FF69F8D4CDF8}.Release|Any CPU.Build.0 = Release|Any CPU
		{AA733192-EDB6-4259-9A7F-B412EA8A8060}.Debug|Any CPU.ActiveCfg = Debug|Any CPU
		{AA733192-EDB6-4259-9A7F-B412EA8A8060}.Debug|Any CPU.Build.0 = Debug|Any CPU
		{AA733192-EDB6-4259-9A7F-B412EA8A8060}.Release|Any CPU.ActiveCfg = Release|Any CPU
		{AA733192-EDB6-4259-9A7F-B412EA8A8060}.Release|Any CPU.Build.0 = Release|Any CPU
		{67B8A112-12EA-4A87-BE4B-667F1CE002F2}.Debug|Any CPU.ActiveCfg = Debug|Any CPU
		{67B8A112-12EA-4A87-BE4B-667F1CE002F2}.Debug|Any CPU.Build.0 = Debug|Any CPU
		{67B8A112-12EA-4A87-BE4B-667F1CE002F2}.Release|Any CPU.ActiveCfg = Release|Any CPU
		{67B8A112-12EA-4A87-BE4B-667F1CE002F2}.Release|Any CPU.Build.0 = Release|Any CPU
		{6DF5513B-C2D3-4CF5-A3F5-89E2455BA45B}.Debug|Any CPU.ActiveCfg = Debug|Any CPU
		{6DF5513B-C2D3-4CF5-A3F5-89E2455BA45B}.Debug|Any CPU.Build.0 = Debug|Any CPU
		{6DF5513B-C2D3-4CF5-A3F5-89E2455BA45B}.Release|Any CPU.ActiveCfg = Release|Any CPU
		{6DF5513B-C2D3-4CF5-A3F5-89E2455BA45B}.Release|Any CPU.Build.0 = Release|Any CPU
		{5C75304B-0C66-41CA-B44C-010E7D2D2243}.Debug|Any CPU.ActiveCfg = Debug|Any CPU
		{5C75304B-0C66-41CA-B44C-010E7D2D2243}.Debug|Any CPU.Build.0 = Debug|Any CPU
		{5C75304B-0C66-41CA-B44C-010E7D2D2243}.Release|Any CPU.ActiveCfg = Release|Any CPU
		{5C75304B-0C66-41CA-B44C-010E7D2D2243}.Release|Any CPU.Build.0 = Release|Any CPU
		{F77519F0-949E-42E8-B23D-27F4A86A0422}.Debug|Any CPU.ActiveCfg = Debug|Any CPU
		{F77519F0-949E-42E8-B23D-27F4A86A0422}.Debug|Any CPU.Build.0 = Debug|Any CPU
		{F77519F0-949E-42E8-B23D-27F4A86A0422}.Release|Any CPU.ActiveCfg = Release|Any CPU
		{F77519F0-949E-42E8-B23D-27F4A86A0422}.Release|Any CPU.Build.0 = Release|Any CPU
		{DAD5F54E-290D-414E-AF45-9C1642F867C3}.Debug|Any CPU.ActiveCfg = Debug|Any CPU
		{DAD5F54E-290D-414E-AF45-9C1642F867C3}.Debug|Any CPU.Build.0 = Debug|Any CPU
		{DAD5F54E-290D-414E-AF45-9C1642F867C3}.Release|Any CPU.ActiveCfg = Release|Any CPU
		{DAD5F54E-290D-414E-AF45-9C1642F867C3}.Release|Any CPU.Build.0 = Release|Any CPU
	EndGlobalSection
	GlobalSection(SolutionProperties) = preSolution
		HideSolutionNode = FALSE
	EndGlobalSection
EndGlobal
