
Microsoft Visual Studio Solution File, Format Version 12.00
# Visual Studio 2012
Project("{FAE04EC0-301F-11D3-BF4B-00C04F79EFBC}") = "ConsumingWebServices", "ConsumingWebServices\ConsumingWebServices.csproj", "{6E871918-8F20-4DC2-9329-4C8224BD418D}"
EndProject
Global
	GlobalSection(SolutionConfigurationPlatforms) = preSolution
		Debug|Any CPU = Debug|Any CPU
		Release|Any CPU = Release|Any CPU
	EndGlobalSection
	GlobalSection(ProjectConfigurationPlatforms) = postSolution
		{6E871918-8F20-4DC2-9329-4C8224BD418D}.Debug|Any CPU.ActiveCfg = Debug|Any CPU
		{6E871918-8F20-4DC2-9329-4C8224BD418D}.Debug|Any CPU.Build.0 = Debug|Any CPU
		{6E871918-8F20-4DC2-9329-4C8224BD418D}.Release|Any CPU.ActiveCfg = Release|Any CPU
		{6E871918-8F20-4DC2-9329-4C8224BD418D}.Release|Any CPU.Build.0 = Release|Any CPU
	EndGlobalSection
	GlobalSection(SolutionProperties) = preSolution
		HideSolutionNode = FALSE
	EndGlobalSection
EndGlobal
