
Microsoft Visual Studio Solution File, Format Version 12.00
# Visual Studio 2012
Project("{FAE04EC0-301F-11D3-BF4B-00C04F79EFBC}") = "StudentSystem.Models", "StudentSystem.Models\StudentSystem.Models.csproj", "{19F597BA-E3B4-448B-B506-37C145975A15}"
EndProject
Project("{FAE04EC0-301F-11D3-BF4B-00C04F79EFBC}") = "StudentSystem.Data", "StudentSystem.Data\StudentSystem.Data.csproj", "{4420E3AA-D439-404D-A1FA-0DDA60D4CD9C}"
EndProject
Project("{FAE04EC0-301F-11D3-BF4B-00C04F79EFBC}") = "StudentSystem.Client", "StudentSystem.Client\StudentSystem.Client.csproj", "{0161D864-13E0-4950-A048-205067695B1D}"
EndProject
Global
	GlobalSection(SolutionConfigurationPlatforms) = preSolution
		Debug|Any CPU = Debug|Any CPU
		Release|Any CPU = Release|Any CPU
	EndGlobalSection
	GlobalSection(ProjectConfigurationPlatforms) = postSolution
		{19F597BA-E3B4-448B-B506-37C145975A15}.Debug|Any CPU.ActiveCfg = Debug|Any CPU
		{19F597BA-E3B4-448B-B506-37C145975A15}.Debug|Any CPU.Build.0 = Debug|Any CPU
		{19F597BA-E3B4-448B-B506-37C145975A15}.Release|Any CPU.ActiveCfg = Release|Any CPU
		{19F597BA-E3B4-448B-B506-37C145975A15}.Release|Any CPU.Build.0 = Release|Any CPU
		{4420E3AA-D439-404D-A1FA-0DDA60D4CD9C}.Debug|Any CPU.ActiveCfg = Debug|Any CPU
		{4420E3AA-D439-404D-A1FA-0DDA60D4CD9C}.Debug|Any CPU.Build.0 = Debug|Any CPU
		{4420E3AA-D439-404D-A1FA-0DDA60D4CD9C}.Release|Any CPU.ActiveCfg = Release|Any CPU
		{4420E3AA-D439-404D-A1FA-0DDA60D4CD9C}.Release|Any CPU.Build.0 = Release|Any CPU
		{0161D864-13E0-4950-A048-205067695B1D}.Debug|Any CPU.ActiveCfg = Debug|Any CPU
		{0161D864-13E0-4950-A048-205067695B1D}.Debug|Any CPU.Build.0 = Debug|Any CPU
		{0161D864-13E0-4950-A048-205067695B1D}.Release|Any CPU.ActiveCfg = Release|Any CPU
		{0161D864-13E0-4950-A048-205067695B1D}.Release|Any CPU.Build.0 = Release|Any CPU
	EndGlobalSection
	GlobalSection(SolutionProperties) = preSolution
		HideSolutionNode = FALSE
	EndGlobalSection
EndGlobal
