
Microsoft Visual Studio Solution File, Format Version 12.00
# Visual Studio 2013
VisualStudioVersion = 12.0.20827.3
MinimumVisualStudioVersion = 10.0.40219.1
Project("{FAE04EC0-301F-11D3-BF4B-00C04F79EFBC}") = "MVC Essentials", "MVC Essentials\MVC Essentials.csproj", "{125489D5-54E0-4755-B695-4937E1B1C15B}"
EndProject
Project("{FAE04EC0-301F-11D3-BF4B-00C04F79EFBC}") = "Simple MVC Project", "Simple MVC Project\Simple MVC Project.csproj", "{C06E7650-A7AB-44E9-81BA-6C13AE719649}"
EndProject
Global
	GlobalSection(SolutionConfigurationPlatforms) = preSolution
		Debug|Any CPU = Debug|Any CPU
		Release|Any CPU = Release|Any CPU
	EndGlobalSection
	GlobalSection(ProjectConfigurationPlatforms) = postSolution
		{125489D5-54E0-4755-B695-4937E1B1C15B}.Debug|Any CPU.ActiveCfg = Debug|Any CPU
		{125489D5-54E0-4755-B695-4937E1B1C15B}.Debug|Any CPU.Build.0 = Debug|Any CPU
		{125489D5-54E0-4755-B695-4937E1B1C15B}.Release|Any CPU.ActiveCfg = Release|Any CPU
		{125489D5-54E0-4755-B695-4937E1B1C15B}.Release|Any CPU.Build.0 = Release|Any CPU
		{C06E7650-A7AB-44E9-81BA-6C13AE719649}.Debug|Any CPU.ActiveCfg = Debug|Any CPU
		{C06E7650-A7AB-44E9-81BA-6C13AE719649}.Debug|Any CPU.Build.0 = Debug|Any CPU
		{C06E7650-A7AB-44E9-81BA-6C13AE719649}.Release|Any CPU.ActiveCfg = Release|Any CPU
		{C06E7650-A7AB-44E9-81BA-6C13AE719649}.Release|Any CPU.Build.0 = Release|Any CPU
	EndGlobalSection
	GlobalSection(SolutionProperties) = preSolution
		HideSolutionNode = FALSE
	EndGlobalSection
EndGlobal
